
Microsoft Visual Studio Solution File, Format Version 12.00
# Visual Studio Version 16
VisualStudioVersion = 16.0.29411.108
MinimumVisualStudioVersion = 10.0.40219.1
Project("{9A19103F-16F7-4668-BE54-9A1E7A4F7556}") = "UdemyRealWorldUnitTest.Web", "UdemyRealWorldUnitTest.Web\UdemyRealWorldUnitTest.Web.csproj", "{B804FB7B-99B3-44DB-A6B8-2CA4BB697669}"
EndProject
Project("{FAE04EC0-301F-11D3-BF4B-00C04F79EFBC}") = "UdemyRealWorldUnitTest.Test", "UdemyRealWorldUnitTest.Test\UdemyRealWorldUnitTest.Test.csproj", "{59AA78DF-34D6-424C-A0DF-663788D70693}"
EndProject
Global
	GlobalSection(SolutionConfigurationPlatforms) = preSolution
		Debug|Any CPU = Debug|Any CPU
		Release|Any CPU = Release|Any CPU
	EndGlobalSection
	GlobalSection(ProjectConfigurationPlatforms) = postSolution
		{B804FB7B-99B3-44DB-A6B8-2CA4BB697669}.Debug|Any CPU.ActiveCfg = Debug|Any CPU
		{B804FB7B-99B3-44DB-A6B8-2CA4BB697669}.Debug|Any CPU.Build.0 = Debug|Any CPU
		{B804FB7B-99B3-44DB-A6B8-2CA4BB697669}.Release|Any CPU.ActiveCfg = Release|Any CPU
		{B804FB7B-99B3-44DB-A6B8-2CA4BB697669}.Release|Any CPU.Build.0 = Release|Any CPU
		{59AA78DF-34D6-424C-A0DF-663788D70693}.Debug|Any CPU.ActiveCfg = Debug|Any CPU
		{59AA78DF-34D6-424C-A0DF-663788D70693}.Debug|Any CPU.Build.0 = Debug|Any CPU
		{59AA78DF-34D6-424C-A0DF-663788D70693}.Release|Any CPU.ActiveCfg = Release|Any CPU
		{59AA78DF-34D6-424C-A0DF-663788D70693}.Release|Any CPU.Build.0 = Release|Any CPU
	EndGlobalSection
	GlobalSection(SolutionProperties) = preSolution
		HideSolutionNode = FALSE
	EndGlobalSection
	GlobalSection(ExtensibilityGlobals) = postSolution
		SolutionGuid = {C684DFDE-5AE4-4131-B1F2-56FAF1E0CE4F}
	EndGlobalSection
EndGlobal
